
Microsoft Visual Studio Solution File, Format Version 12.00
# Visual Studio Version 17
VisualStudioVersion = 17.0.31903.59
MinimumVisualStudioVersion = 10.0.40219.1
Project("{2150E333-8FDC-42A3-9474-1A3956D46DE8}") = "src", "src", "{C8002919-59CC-4B9B-ACEF-8333371B90F5}"
EndProject
Project("{9A19103F-16F7-4668-BE54-9A1E7A4F7556}") = "IdpConfigurer.Infrastructure.Memory", "src\IdpConfigurer.Infrastructure.Memory\IdpConfigurer.Infrastructure.Memory.csproj", "{5DCEDCA9-A6F9-451F-975F-2DC643745590}"
EndProject
Project("{9A19103F-16F7-4668-BE54-9A1E7A4F7556}") = "IdpConfigurer.Business", "src\IdpConfigurer.Business\IdpConfigurer.Business.csproj", "{2D65D5CA-6D71-4E5C-B984-E8A7CDB5CC7C}"
EndProject
Project("{9A19103F-16F7-4668-BE54-9A1E7A4F7556}") = "IdpConfigurer.Application.WebApp", "src\IdpConfigurer.Application.WebApp\IdpConfigurer.Application.WebApp.csproj", "{362C42A0-B87D-429C-BA66-7CAACF027E50}"
EndProject
Project("{9A19103F-16F7-4668-BE54-9A1E7A4F7556}") = "IdpConfigurer.Domain", "src\IdpConfigurer.Domain\IdpConfigurer.Domain.csproj", "{B3056BFD-5BC8-4ACA-AD68-CFB2B5FA47D0}"
EndProject
Project("{9A19103F-16F7-4668-BE54-9A1E7A4F7556}") = "IdpConfigurer.Specification", "src\IdpConfigurer.Specification\IdpConfigurer.Specification.csproj", "{116BBA0E-8578-44A8-93D8-41079BD42F17}"
EndProject
Project("{9A19103F-16F7-4668-BE54-9A1E7A4F7556}") = "IdpConfigurer.Util", "src\IdpConfigurer.Util\IdpConfigurer.Util.csproj", "{BBFEC698-B9A2-48B4-A008-14306374CCFF}"
EndProject
Project("{00D1A9C2-B5F0-4AF3-8072-F6C62B433612}") = "IdpConfigurerDb", "sql\IdpConfigurerDb\IdpConfigurerDb.sqlproj", "{FE3EF46C-C563-4E63-ADF4-6DD278A18770}"
EndProject
Project("{2150E333-8FDC-42A3-9474-1A3956D46DE8}") = "sql", "sql", "{A5C6A924-2F10-4314-9D5B-4B0B2671E333}"
EndProject
Project("{2150E333-8FDC-42A3-9474-1A3956D46DE8}") = "application", "application", "{67866C75-10B3-4F7F-9604-51D4B847B50E}"
EndProject
Project("{9A19103F-16F7-4668-BE54-9A1E7A4F7556}") = "IdpConfigurer.WebApi", "src\IdpConfigurer.WebApi\IdpConfigurer.WebApi.csproj", "{41F35883-4D2C-490C-AF8E-7461D0D4E560}"
EndProject
Project("{9A19103F-16F7-4668-BE54-9A1E7A4F7556}") = "IdpConfigurer.Infrastructure.Db", "src\IdpConfigurer.Infrastructure.Db\IdpConfigurer.Infrastructure.Db.csproj", "{52148F8F-AFA9-490C-8904-F5EEAE5E7498}"
EndProject
Project("{2150E333-8FDC-42A3-9474-1A3956D46DE8}") = "infrastructure", "infrastructure", "{A64B226B-80A7-4647-9355-E1D4486024FC}"
EndProject
Global
	GlobalSection(SolutionConfigurationPlatforms) = preSolution
		Debug|Any CPU = Debug|Any CPU
		Release|Any CPU = Release|Any CPU
	EndGlobalSection
	GlobalSection(ProjectConfigurationPlatforms) = postSolution
		{5DCEDCA9-A6F9-451F-975F-2DC643745590}.Debug|Any CPU.ActiveCfg = Debug|Any CPU
		{5DCEDCA9-A6F9-451F-975F-2DC643745590}.Debug|Any CPU.Build.0 = Debug|Any CPU
		{5DCEDCA9-A6F9-451F-975F-2DC643745590}.Release|Any CPU.ActiveCfg = Release|Any CPU
		{5DCEDCA9-A6F9-451F-975F-2DC643745590}.Release|Any CPU.Build.0 = Release|Any CPU
		{2D65D5CA-6D71-4E5C-B984-E8A7CDB5CC7C}.Debug|Any CPU.ActiveCfg = Debug|Any CPU
		{2D65D5CA-6D71-4E5C-B984-E8A7CDB5CC7C}.Debug|Any CPU.Build.0 = Debug|Any CPU
		{2D65D5CA-6D71-4E5C-B984-E8A7CDB5CC7C}.Release|Any CPU.ActiveCfg = Release|Any CPU
		{2D65D5CA-6D71-4E5C-B984-E8A7CDB5CC7C}.Release|Any CPU.Build.0 = Release|Any CPU
		{362C42A0-B87D-429C-BA66-7CAACF027E50}.Debug|Any CPU.ActiveCfg = Debug|Any CPU
		{362C42A0-B87D-429C-BA66-7CAACF027E50}.Debug|Any CPU.Build.0 = Debug|Any CPU
		{362C42A0-B87D-429C-BA66-7CAACF027E50}.Release|Any CPU.ActiveCfg = Release|Any CPU
		{362C42A0-B87D-429C-BA66-7CAACF027E50}.Release|Any CPU.Build.0 = Release|Any CPU
		{B3056BFD-5BC8-4ACA-AD68-CFB2B5FA47D0}.Debug|Any CPU.ActiveCfg = Debug|Any CPU
		{B3056BFD-5BC8-4ACA-AD68-CFB2B5FA47D0}.Debug|Any CPU.Build.0 = Debug|Any CPU
		{B3056BFD-5BC8-4ACA-AD68-CFB2B5FA47D0}.Release|Any CPU.ActiveCfg = Release|Any CPU
		{B3056BFD-5BC8-4ACA-AD68-CFB2B5FA47D0}.Release|Any CPU.Build.0 = Release|Any CPU
		{116BBA0E-8578-44A8-93D8-41079BD42F17}.Debug|Any CPU.ActiveCfg = Debug|Any CPU
		{116BBA0E-8578-44A8-93D8-41079BD42F17}.Debug|Any CPU.Build.0 = Debug|Any CPU
		{116BBA0E-8578-44A8-93D8-41079BD42F17}.Release|Any CPU.ActiveCfg = Release|Any CPU
		{116BBA0E-8578-44A8-93D8-41079BD42F17}.Release|Any CPU.Build.0 = Release|Any CPU
		{BBFEC698-B9A2-48B4-A008-14306374CCFF}.Debug|Any CPU.ActiveCfg = Debug|Any CPU
		{BBFEC698-B9A2-48B4-A008-14306374CCFF}.Debug|Any CPU.Build.0 = Debug|Any CPU
		{BBFEC698-B9A2-48B4-A008-14306374CCFF}.Release|Any CPU.ActiveCfg = Release|Any CPU
		{BBFEC698-B9A2-48B4-A008-14306374CCFF}.Release|Any CPU.Build.0 = Release|Any CPU
		{FE3EF46C-C563-4E63-ADF4-6DD278A18770}.Debug|Any CPU.ActiveCfg = Debug|Any CPU
		{FE3EF46C-C563-4E63-ADF4-6DD278A18770}.Debug|Any CPU.Deploy.0 = Debug|Any CPU
		{FE3EF46C-C563-4E63-ADF4-6DD278A18770}.Release|Any CPU.ActiveCfg = Release|Any CPU
		{FE3EF46C-C563-4E63-ADF4-6DD278A18770}.Release|Any CPU.Build.0 = Release|Any CPU
		{FE3EF46C-C563-4E63-ADF4-6DD278A18770}.Release|Any CPU.Deploy.0 = Release|Any CPU
		{41F35883-4D2C-490C-AF8E-7461D0D4E560}.Debug|Any CPU.ActiveCfg = Debug|Any CPU
		{41F35883-4D2C-490C-AF8E-7461D0D4E560}.Debug|Any CPU.Build.0 = Debug|Any CPU
		{41F35883-4D2C-490C-AF8E-7461D0D4E560}.Release|Any CPU.ActiveCfg = Release|Any CPU
		{41F35883-4D2C-490C-AF8E-7461D0D4E560}.Release|Any CPU.Build.0 = Release|Any CPU
		{52148F8F-AFA9-490C-8904-F5EEAE5E7498}.Debug|Any CPU.ActiveCfg = Debug|Any CPU
		{52148F8F-AFA9-490C-8904-F5EEAE5E7498}.Debug|Any CPU.Build.0 = Debug|Any CPU
		{52148F8F-AFA9-490C-8904-F5EEAE5E7498}.Release|Any CPU.ActiveCfg = Release|Any CPU
		{52148F8F-AFA9-490C-8904-F5EEAE5E7498}.Release|Any CPU.Build.0 = Release|Any CPU
	EndGlobalSection
	GlobalSection(SolutionProperties) = preSolution
		HideSolutionNode = FALSE
	EndGlobalSection
	GlobalSection(NestedProjects) = preSolution
		{5DCEDCA9-A6F9-451F-975F-2DC643745590} = {A64B226B-80A7-4647-9355-E1D4486024FC}
		{2D65D5CA-6D71-4E5C-B984-E8A7CDB5CC7C} = {C8002919-59CC-4B9B-ACEF-8333371B90F5}
		{362C42A0-B87D-429C-BA66-7CAACF027E50} = {67866C75-10B3-4F7F-9604-51D4B847B50E}
		{B3056BFD-5BC8-4ACA-AD68-CFB2B5FA47D0} = {C8002919-59CC-4B9B-ACEF-8333371B90F5}
		{116BBA0E-8578-44A8-93D8-41079BD42F17} = {C8002919-59CC-4B9B-ACEF-8333371B90F5}
		{BBFEC698-B9A2-48B4-A008-14306374CCFF} = {C8002919-59CC-4B9B-ACEF-8333371B90F5}
		{FE3EF46C-C563-4E63-ADF4-6DD278A18770} = {A5C6A924-2F10-4314-9D5B-4B0B2671E333}
		{67866C75-10B3-4F7F-9604-51D4B847B50E} = {C8002919-59CC-4B9B-ACEF-8333371B90F5}
		{41F35883-4D2C-490C-AF8E-7461D0D4E560} = {67866C75-10B3-4F7F-9604-51D4B847B50E}
		{52148F8F-AFA9-490C-8904-F5EEAE5E7498} = {A64B226B-80A7-4647-9355-E1D4486024FC}
		{A64B226B-80A7-4647-9355-E1D4486024FC} = {C8002919-59CC-4B9B-ACEF-8333371B90F5}
	EndGlobalSection
	GlobalSection(ExtensibilityGlobals) = postSolution
		SolutionGuid = {100ABF6B-9F91-4E93-81B9-4E3F79F3B1A7}
	EndGlobalSection
EndGlobal
